// !$*UTF8*$!
{
	archiveVersion = 1;
	classes = {
	};
	objectVersion = 50;
	objects = {

/* Begin PBXBuildFile section */
		B5028EFD22965EB900743C98 /* InvCodeGenViewController.swift in Sources */ = {isa = PBXBuildFile; fileRef = B5028EFC22965EB900743C98 /* InvCodeGenViewController.swift */; };
		B5028EFF2296C0A100743C98 /* FriendListTableViewController.swift in Sources */ = {isa = PBXBuildFile; fileRef = B5028EFE2296C0A100743C98 /* FriendListTableViewController.swift */; };
		B5028F012296C0C000743C98 /* FriendSearchTableViewController.swift in Sources */ = {isa = PBXBuildFile; fileRef = B5028F002296C0C000743C98 /* FriendSearchTableViewController.swift */; };
		B5329CD82292B2B6009222AF /* AppDelegate.swift in Sources */ = {isa = PBXBuildFile; fileRef = B5329CD72292B2B6009222AF /* AppDelegate.swift */; };
		B5329CDD2292B2B6009222AF /* Main.storyboard in Resources */ = {isa = PBXBuildFile; fileRef = B5329CDB2292B2B6009222AF /* Main.storyboard */; };
		B5329CDF2292B2B8009222AF /* Assets.xcassets in Resources */ = {isa = PBXBuildFile; fileRef = B5329CDE2292B2B8009222AF /* Assets.xcassets */; };
		B5329CE22292B2B8009222AF /* LaunchScreen.storyboard in Resources */ = {isa = PBXBuildFile; fileRef = B5329CE02292B2B8009222AF /* LaunchScreen.storyboard */; };
		B5329CEA22930B25009222AF /* TT_Logo.png in Resources */ = {isa = PBXBuildFile; fileRef = B5329CE922930B24009222AF /* TT_Logo.png */; };
		B5C66555229415E400041B6A /* RegViewController.swift in Sources */ = {isa = PBXBuildFile; fileRef = B5C66554229415E400041B6A /* RegViewController.swift */; };
		B5C66557229420D900041B6A /* LoginViewController.swift in Sources */ = {isa = PBXBuildFile; fileRef = B5C66556229420D900041B6A /* LoginViewController.swift */; };
		B5C6655922942F4F00041B6A /* InviteViewController.swift in Sources */ = {isa = PBXBuildFile; fileRef = B5C6655822942F4F00041B6A /* InviteViewController.swift */; };
		B5C6655B2294320100041B6A /* Helper.plist in Resources */ = {isa = PBXBuildFile; fileRef = B5C6655A2294320100041B6A /* Helper.plist */; };
/* End PBXBuildFile section */

/* Begin PBXFileReference section */
		B5028EFC22965EB900743C98 /* InvCodeGenViewController.swift */ = {isa = PBXFileReference; lastKnownFileType = sourcecode.swift; path = InvCodeGenViewController.swift; sourceTree = "<group>"; };
		B5028EFE2296C0A100743C98 /* FriendListTableViewController.swift */ = {isa = PBXFileReference; lastKnownFileType = sourcecode.swift; path = FriendListTableViewController.swift; sourceTree = "<group>"; };
		B5028F002296C0C000743C98 /* FriendSearchTableViewController.swift */ = {isa = PBXFileReference; lastKnownFileType = sourcecode.swift; path = FriendSearchTableViewController.swift; sourceTree = "<group>"; };
		B5329CD42292B2B6009222AF /* TT2_IOS.app */ = {isa = PBXFileReference; explicitFileType = wrapper.application; includeInIndex = 0; path = TT2_IOS.app; sourceTree = BUILT_PRODUCTS_DIR; };
		B5329CD72292B2B6009222AF /* AppDelegate.swift */ = {isa = PBXFileReference; lastKnownFileType = sourcecode.swift; path = AppDelegate.swift; sourceTree = "<group>"; };
		B5329CDC2292B2B6009222AF /* Base */ = {isa = PBXFileReference; lastKnownFileType = file.storyboard; name = Base; path = Base.lproj/Main.storyboard; sourceTree = "<group>"; };
		B5329CDE2292B2B8009222AF /* Assets.xcassets */ = {isa = PBXFileReference; lastKnownFileType = folder.assetcatalog; path = Assets.xcassets; sourceTree = "<group>"; };
		B5329CE12292B2B8009222AF /* Base */ = {isa = PBXFileReference; lastKnownFileType = file.storyboard; name = Base; path = Base.lproj/LaunchScreen.storyboard; sourceTree = "<group>"; };
		B5329CE32292B2B8009222AF /* Info.plist */ = {isa = PBXFileReference; lastKnownFileType = text.plist.xml; path = Info.plist; sourceTree = "<group>"; };
		B5329CE922930B24009222AF /* TT_Logo.png */ = {isa = PBXFileReference; lastKnownFileType = image.png; path = TT_Logo.png; sourceTree = "<group>"; };
		B5C66554229415E400041B6A /* RegViewController.swift */ = {isa = PBXFileReference; lastKnownFileType = sourcecode.swift; path = RegViewController.swift; sourceTree = "<group>"; };
		B5C66556229420D900041B6A /* LoginViewController.swift */ = {isa = PBXFileReference; lastKnownFileType = sourcecode.swift; path = LoginViewController.swift; sourceTree = "<group>"; };
		B5C6655822942F4F00041B6A /* InviteViewController.swift */ = {isa = PBXFileReference; lastKnownFileType = sourcecode.swift; path = InviteViewController.swift; sourceTree = "<group>"; };
		B5C6655A2294320100041B6A /* Helper.plist */ = {isa = PBXFileReference; lastKnownFileType = text.plist.xml; path = Helper.plist; sourceTree = "<group>"; };
/* End PBXFileReference section */

/* Begin PBXFrameworksBuildPhase section */
		B5329CD12292B2B6009222AF /* Frameworks */ = {
			isa = PBXFrameworksBuildPhase;
			buildActionMask = 2147483647;
			files = (
			);
			runOnlyForDeploymentPostprocessing = 0;
		};
/* End PBXFrameworksBuildPhase section */

/* Begin PBXGroup section */
		B5329CCB2292B2B6009222AF = {
			isa = PBXGroup;
			children = (
				B5329CD62292B2B6009222AF /* TT2_IOS */,
				B5329CD52292B2B6009222AF /* Products */,
			);
			sourceTree = "<group>";
		};
		B5329CD52292B2B6009222AF /* Products */ = {
			isa = PBXGroup;
			children = (
				B5329CD42292B2B6009222AF /* TT2_IOS.app */,
			);
			name = Products;
			sourceTree = "<group>";
		};
		B5329CD62292B2B6009222AF /* TT2_IOS */ = {
			isa = PBXGroup;
			children = (
				B5329CD72292B2B6009222AF /* AppDelegate.swift */,
				B5329CE922930B24009222AF /* TT_Logo.png */,
				B5329CDB2292B2B6009222AF /* Main.storyboard */,
				B5329CDE2292B2B8009222AF /* Assets.xcassets */,
				B5329CE02292B2B8009222AF /* LaunchScreen.storyboard */,
				B5329CE32292B2B8009222AF /* Info.plist */,
				B5C66554229415E400041B6A /* RegViewController.swift */,
				B5C66556229420D900041B6A /* LoginViewController.swift */,
				B5C6655822942F4F00041B6A /* InviteViewController.swift */,
				B5C6655A2294320100041B6A /* Helper.plist */,
				B5028EFC22965EB900743C98 /* InvCodeGenViewController.swift */,
				B5028EFE2296C0A100743C98 /* FriendListTableViewController.swift */,
				B5028F002296C0C000743C98 /* FriendSearchTableViewController.swift */,
			);
			path = TT2_IOS;
			sourceTree = "<group>";
		};
/* End PBXGroup section */

/* Begin PBXNativeTarget section */
		B5329CD32292B2B6009222AF /* TT2_IOS */ = {
			isa = PBXNativeTarget;
			buildConfigurationList = B5329CE62292B2B8009222AF /* Build configuration list for PBXNativeTarget "TT2_IOS" */;
			buildPhases = (
				B5329CD02292B2B6009222AF /* Sources */,
				B5329CD12292B2B6009222AF /* Frameworks */,
				B5329CD22292B2B6009222AF /* Resources */,
			);
			buildRules = (
			);
			dependencies = (
			);
			name = TT2_IOS;
			productName = TT2_IOS;
			productReference = B5329CD42292B2B6009222AF /* TT2_IOS.app */;
			productType = "com.apple.product-type.application";
		};
/* End PBXNativeTarget section */

/* Begin PBXProject section */
		B5329CCC2292B2B6009222AF /* Project object */ = {
			isa = PBXProject;
			attributes = {
				LastSwiftUpdateCheck = 1010;
				LastUpgradeCheck = 1010;
				ORGANIZATIONNAME = NTUST;
				TargetAttributes = {
					B5329CD32292B2B6009222AF = {
						CreatedOnToolsVersion = 10.1;
					};
				};
			};
			buildConfigurationList = B5329CCF2292B2B6009222AF /* Build configuration list for PBXProject "TT2_IOS" */;
			compatibilityVersion = "Xcode 9.3";
			developmentRegion = en;
			hasScannedForEncodings = 0;
			knownRegions = (
				en,
				Base,
			);
			mainGroup = B5329CCB2292B2B6009222AF;
			productRefGroup = B5329CD52292B2B6009222AF /* Products */;
			projectDirPath = "";
			projectRoot = "";
			targets = (
				B5329CD32292B2B6009222AF /* TT2_IOS */,
			);
		};
/* End PBXProject section */

/* Begin PBXResourcesBuildPhase section */
		B5329CD22292B2B6009222AF /* Resources */ = {
			isa = PBXResourcesBuildPhase;
			buildActionMask = 2147483647;
			files = (
				B5C6655B2294320100041B6A /* Helper.plist in Resources */,
				B5329CE22292B2B8009222AF /* LaunchScreen.storyboard in Resources */,
				B5329CEA22930B25009222AF /* TT_Logo.png in Resources */,
				B5329CDF2292B2B8009222AF /* Assets.xcassets in Resources */,
				B5329CDD2292B2B6009222AF /* Main.storyboard in Resources */,
			);
			runOnlyForDeploymentPostprocessing = 0;
		};
/* End PBXResourcesBuildPhase section */

/* Begin PBXSourcesBuildPhase section */
		B5329CD02292B2B6009222AF /* Sources */ = {
			isa = PBXSourcesBuildPhase;
			buildActionMask = 2147483647;
			files = (
				B5C66557229420D900041B6A /* LoginViewController.swift in Sources */,
				B5329CD82292B2B6009222AF /* AppDelegate.swift in Sources */,
				B5028F012296C0C000743C98 /* FriendSearchTableViewController.swift in Sources */,
				B5C66555229415E400041B6A /* RegViewController.swift in Sources */,
				B5028EFF2296C0A100743C98 /* FriendListTableViewController.swift in Sources */,
				B5C6655922942F4F00041B6A /* InviteViewController.swift in Sources */,
				B5028EFD22965EB900743C98 /* InvCodeGenViewController.swift in Sources */,
			);
			runOnlyForDeploymentPostprocessing = 0;
		};
/* End PBXSourcesBuildPhase section */

/* Begin PBXVariantGroup section */
		B5329CDB2292B2B6009222AF /* Main.storyboard */ = {
			isa = PBXVariantGroup;
			children = (
				B5329CDC2292B2B6009222AF /* Base */,
			);
			name = Main.storyboard;
			sourceTree = "<group>";
		};
		B5329CE02292B2B8009222AF /* LaunchScreen.storyboard */ = {
			isa = PBXVariantGroup;
			children = (
				B5329CE12292B2B8009222AF /* Base */,
			);
			name = LaunchScreen.storyboard;
			sourceTree = "<group>";
		};
/* End PBXVariantGroup section */

/* Begin XCBuildConfiguration section */
		B5329CE42292B2B8009222AF /* Debug */ = {
			isa = XCBuildConfiguration;
			buildSettings = {
				ALWAYS_SEARCH_USER_PATHS = NO;
				CLANG_ANALYZER_NONNULL = YES;
				CLANG_ANALYZER_NUMBER_OBJECT_CONVERSION = YES_AGGRESSIVE;
				CLANG_CXX_LANGUAGE_STANDARD = "gnu++14";
				CLANG_CXX_LIBRARY = "libc++";
				CLANG_ENABLE_MODULES = YES;
				CLANG_ENABLE_OBJC_ARC = YES;
				CLANG_ENABLE_OBJC_WEAK = YES;
				CLANG_WARN_BLOCK_CAPTURE_AUTORELEASING = YES;
				CLANG_WARN_BOOL_CONVERSION = YES;
				CLANG_WARN_COMMA = YES;
				CLANG_WARN_CONSTANT_CONVERSION = YES;
				CLANG_WARN_DEPRECATED_OBJC_IMPLEMENTATIONS = YES;
				CLANG_WARN_DIRECT_OBJC_ISA_USAGE = YES_ERROR;
				CLANG_WARN_DOCUMENTATION_COMMENTS = YES;
				CLANG_WARN_EMPTY_BODY = YES;
				CLANG_WARN_ENUM_CONVERSION = YES;
				CLANG_WARN_INFINITE_RECURSION = YES;
				CLANG_WARN_INT_CONVERSION = YES;
				CLANG_WARN_NON_LITERAL_NULL_CONVERSION = YES;
				CLANG_WARN_OBJC_IMPLICIT_RETAIN_SELF = YES;
				CLANG_WARN_OBJC_LITERAL_CONVERSION = YES;
				CLANG_WARN_OBJC_ROOT_CLASS = YES_ERROR;
				CLANG_WARN_RANGE_LOOP_ANALYSIS = YES;
				CLANG_WARN_STRICT_PROTOTYPES = YES;
				CLANG_WARN_SUSPICIOUS_MOVE = YES;
				CLANG_WARN_UNGUARDED_AVAILABILITY = YES_AGGRESSIVE;
				CLANG_WARN_UNREACHABLE_CODE = YES;
				CLANG_WARN__DUPLICATE_METHOD_MATCH = YES;
				CODE_SIGN_IDENTITY = "iPhone Developer";
				COPY_PHASE_STRIP = NO;
				DEBUG_INFORMATION_FORMAT = dwarf;
				ENABLE_STRICT_OBJC_MSGSEND = YES;
				ENABLE_TESTABILITY = YES;
				GCC_C_LANGUAGE_STANDARD = gnu11;
				GCC_DYNAMIC_NO_PIC = NO;
				GCC_NO_COMMON_BLOCKS = YES;
				GCC_OPTIMIZATION_LEVEL = 0;
				GCC_PREPROCESSOR_DEFINITIONS = (
					"DEBUG=1",
					"$(inherited)",
				);
				GCC_WARN_64_TO_32_BIT_CONVERSION = YES;
				GCC_WARN_ABOUT_RETURN_TYPE = YES_ERROR;
				GCC_WARN_UNDECLARED_SELECTOR = YES;
				GCC_WARN_UNINITIALIZED_AUTOS = YES_AGGRESSIVE;
				GCC_WARN_UNUSED_FUNCTION = YES;
				GCC_WARN_UNUSED_VARIABLE = YES;
				IPHONEOS_DEPLOYMENT_TARGET = 12.1;
				MTL_ENABLE_DEBUG_INFO = INCLUDE_SOURCE;
				MTL_FAST_MATH = YES;
				ONLY_ACTIVE_ARCH = YES;
				SDKROOT = iphoneos;
				SWIFT_ACTIVE_COMPILATION_CONDITIONS = DEBUG;
				SWIFT_OPTIMIZATION_LEVEL = "-Onone";
			};
			name = Debug;
		};
		B5329CE52292B2B8009222AF /* Release */ = {
			isa = XCBuildConfiguration;
			buildSettings = {
				ALWAYS_SEARCH_USER_PATHS = NO;
				CLANG_ANALYZER_NONNULL = YES;
				CLANG_ANALYZER_NUMBER_OBJECT_CONVERSION = YES_AGGRESSIVE;
				CLANG_CXX_LANGUAGE_STANDARD = "gnu++14";
				CLANG_CXX_LIBRARY = "libc++";
				CLANG_ENABLE_MODULES = YES;
				CLANG_ENABLE_OBJC_ARC = YES;
				CLANG_ENABLE_OBJC_WEAK = YES;
				CLANG_WARN_BLOCK_CAPTURE_AUTORELEASING = YES;
				CLANG_WARN_BOOL_CONVERSION = YES;
				CLANG_WARN_COMMA = YES;
				CLANG_WARN_CONSTANT_CONVERSION = YES;
				CLANG_WARN_DEPRECATED_OBJC_IMPLEMENTATIONS = YES;
				CLANG_WARN_DIRECT_OBJC_ISA_USAGE = YES_ERROR;
				CLANG_WARN_DOCUMENTATION_COMMENTS = YES;
				CLANG_WARN_EMPTY_BODY = YES;
				CLANG_WARN_ENUM_CONVERSION = YES;
				CLANG_WARN_INFINITE_RECURSION = YES;
				CLANG_WARN_INT_CONVERSION = YES;
				CLANG_WARN_NON_LITERAL_NULL_CONVERSION = YES;
				CLANG_WARN_OBJC_IMPLICIT_RETAIN_SELF = YES;
				CLANG_WARN_OBJC_LITERAL_CONVERSION = YES;
				CLANG_WARN_OBJC_ROOT_CLASS = YES_ERROR;
				CLANG_WARN_RANGE_LOOP_ANALYSIS = YES;
				CLANG_WARN_STRICT_PROTOTYPES = YES;
				CLANG_WARN_SUSPICIOUS_MOVE = YES;
				CLANG_WARN_UNGUARDED_AVAILABILITY = YES_AGGRESSIVE;
				CLANG_WARN_UNREACHABLE_CODE = YES;
				CLANG_WARN__DUPLICATE_METHOD_MATCH = YES;
				CODE_SIGN_IDENTITY = "iPhone Developer";
				COPY_PHASE_STRIP = NO;
				DEBUG_INFORMATION_FORMAT = "dwarf-with-dsym";
				ENABLE_NS_ASSERTIONS = NO;
				ENABLE_STRICT_OBJC_MSGSEND = YES;
				GCC_C_LANGUAGE_STANDARD = gnu11;
				GCC_NO_COMMON_BLOCKS = YES;
				GCC_WARN_64_TO_32_BIT_CONVERSION = YES;
				GCC_WARN_ABOUT_RETURN_TYPE = YES_ERROR;
				GCC_WARN_UNDECLARED_SELECTOR = YES;
				GCC_WARN_UNINITIALIZED_AUTOS = YES_AGGRESSIVE;
				GCC_WARN_UNUSED_FUNCTION = YES;
				GCC_WARN_UNUSED_VARIABLE = YES;
				IPHONEOS_DEPLOYMENT_TARGET = 12.1;
				MTL_ENABLE_DEBUG_INFO = NO;
				MTL_FAST_MATH = YES;
				SDKROOT = iphoneos;
				SWIFT_COMPILATION_MODE = wholemodule;
				SWIFT_OPTIMIZATION_LEVEL = "-O";
				VALIDATE_PRODUCT = YES;
			};
			name = Release;
		};
		B5329CE72292B2B8009222AF /* Debug */ = {
			isa = XCBuildConfiguration;
			buildSettings = {
				ASSETCATALOG_COMPILER_APPICON_NAME = AppIcon;
				CODE_SIGN_STYLE = Manual;
				DEVELOPMENT_TEAM = "";
				INFOPLIST_FILE = TT2_IOS/Info.plist;
				LD_RUNPATH_SEARCH_PATHS = (
					"$(inherited)",
					"@executable_path/Frameworks",
				);
				PRODUCT_BUNDLE_IDENTIFIER = "kaihao.TT2-IOS";
				PRODUCT_NAME = "$(TARGET_NAME)";
				PROVISIONING_PROFILE_SPECIFIER = "";
				SWIFT_VERSION = 4.2;
				TARGETED_DEVICE_FAMILY = "1,2";
			};
			name = Debug;
		};
		B5329CE82292B2B8009222AF /* Release */ = {
			isa = XCBuildConfiguration;
			buildSettings = {
				ASSETCATALOG_COMPILER_APPICON_NAME = AppIcon;
				CODE_SIGN_STYLE = Manual;
				DEVELOPMENT_TEAM = "";
				INFOPLIST_FILE = TT2_IOS/Info.plist;
				LD_RUNPATH_SEARCH_PATHS = (
					"$(inherited)",
					"@executable_path/Frameworks",
				);
				PRODUCT_BUNDLE_IDENTIFIER = "kaihao.TT2-IOS";
				PRODUCT_NAME = "$(TARGET_NAME)";
				PROVISIONING_PROFILE_SPECIFIER = "";
				SWIFT_VERSION = 4.2;
				TARGETED_DEVICE_FAMILY = "1,2";
			};
			name = Release;
		};
/* End XCBuildConfiguration section */

/* Begin XCConfigurationList section */
		B5329CCF2292B2B6009222AF /* Build configuration list for PBXProject "TT2_IOS" */ = {
			isa = XCConfigurationList;
			buildConfigurations = (
				B5329CE42292B2B8009222AF /* Debug */,
				B5329CE52292B2B8009222AF /* Release */,
			);
			defaultConfigurationIsVisible = 0;
			defaultConfigurationName = Release;
		};
		B5329CE62292B2B8009222AF /* Build configuration list for PBXNativeTarget "TT2_IOS" */ = {
			isa = XCConfigurationList;
			buildConfigurations = (
				B5329CE72292B2B8009222AF /* Debug */,
				B5329CE82292B2B8009222AF /* Release */,
			);
			defaultConfigurationIsVisible = 0;
			defaultConfigurationName = Release;
		};
/* End XCConfigurationList section */
	};
	rootObject = B5329CCC2292B2B6009222AF /* Project object */;
}
