PODS:
  - Alamofire (4.8.2)
  - ChatViewController (1.2.0):
    - PlaceholderUITextView
  - PlaceholderUITextView (1.2.0)
  - SnapKit (5.0.0)

DEPENDENCIES:
  - Alamofire
  - ChatViewController
  - SnapKit

SPEC REPOS:
  https://github.com/cocoapods/specs.git:
    - Alamofire
    - ChatViewController
    - PlaceholderUITextView
    - SnapKit

SPEC CHECKSUMS:
  Alamofire: ae5c501addb7afdbb13687d7f2f722c78734c2d3
  ChatViewController: fcc9152b22a0099ced7052d842829d6a7ee9e53f
  PlaceholderUITextView: a2158e51dc0a3217ecca2d879bbe59372292d391
  SnapKit: fd22d10eb9aff484d79a8724eab922c1ddf89bcf

PODFILE CHECKSUM: 012162864403d90fbde572126be832e74665d34f

COCOAPODS: 1.7.0
